
Microsoft Visual Studio Solution File, Format Version 12.00
# Visual Studio Version 16
VisualStudioVersion = 16.0.31729.503
MinimumVisualStudioVersion = 10.0.40219.1
Project("{9A19103F-16F7-4668-BE54-9A1E7A4F7556}") = "BookListRazor", "BookListRazor\BookListRazor.csproj", "{F41F1C14-A0D9-4995-8F41-2A7B5C0605B6}"
EndProject
Global
	GlobalSection(SolutionConfigurationPlatforms) = preSolution
		Debug|Any CPU = Debug|Any CPU
		Release|Any CPU = Release|Any CPU
	EndGlobalSection
	GlobalSection(ProjectConfigurationPlatforms) = postSolution
		{F41F1C14-A0D9-4995-8F41-2A7B5C0605B6}.Debug|Any CPU.ActiveCfg = Debug|Any CPU
		{F41F1C14-A0D9-4995-8F41-2A7B5C0605B6}.Debug|Any CPU.Build.0 = Debug|Any CPU
		{F41F1C14-A0D9-4995-8F41-2A7B5C0605B6}.Release|Any CPU.ActiveCfg = Release|Any CPU
		{F41F1C14-A0D9-4995-8F41-2A7B5C0605B6}.Release|Any CPU.Build.0 = Release|Any CPU
	EndGlobalSection
	GlobalSection(SolutionProperties) = preSolution
		HideSolutionNode = FALSE
	EndGlobalSection
	GlobalSection(ExtensibilityGlobals) = postSolution
		SolutionGuid = {68B3A62C-4B8A-48D8-B9ED-04AA335E97EE}
	EndGlobalSection
EndGlobal
